
Microsoft Visual Studio Solution File, Format Version 12.00
# Visual Studio Version 17
VisualStudioVersion = 17.7.34221.43
MinimumVisualStudioVersion = 10.0.40219.1
Project("{9A19103F-16F7-4668-BE54-9A1E7A4F7556}") = "TestingApp.Api", "TestingApp.Api\TestingApp.Api.csproj", "{D5BBABDB-6E4B-4C8D-A14F-67ECCD46D924}"
EndProject
Project("{9A19103F-16F7-4668-BE54-9A1E7A4F7556}") = "TestingApp.Domain", "TestingApp.Domain\TestingApp.Domain.csproj", "{AEBFE905-FBDB-408F-9E14-0B71B3668904}"
EndProject
Project("{9A19103F-16F7-4668-BE54-9A1E7A4F7556}") = "TestingApp.Application", "TestingApp.Application\TestingApp.Application.csproj", "{09A5CAA4-9284-4EE2-B845-562E98A56E9A}"
EndProject
Project("{9A19103F-16F7-4668-BE54-9A1E7A4F7556}") = "TestingApp.Infrastructure", "TestingApp.Infrastructure\TestingApp.Infrastructure.csproj", "{4D4AF23F-8A8A-4404-AC58-29B7F49C3F79}"
EndProject
Project("{FAE04EC0-301F-11D3-BF4B-00C04F79EFBC}") = "TestingApp.Application.UnitTests", "TestingApp.Tests\TestingApp.Application.UnitTests.csproj", "{B8B9F0C5-C35B-477E-924F-0FB01F0D1509}"
EndProject
Global
	GlobalSection(SolutionConfigurationPlatforms) = preSolution
		Debug|Any CPU = Debug|Any CPU
		Release|Any CPU = Release|Any CPU
	EndGlobalSection
	GlobalSection(ProjectConfigurationPlatforms) = postSolution
		{D5BBABDB-6E4B-4C8D-A14F-67ECCD46D924}.Debug|Any CPU.ActiveCfg = Debug|Any CPU
		{D5BBABDB-6E4B-4C8D-A14F-67ECCD46D924}.Debug|Any CPU.Build.0 = Debug|Any CPU
		{D5BBABDB-6E4B-4C8D-A14F-67ECCD46D924}.Release|Any CPU.ActiveCfg = Release|Any CPU
		{D5BBABDB-6E4B-4C8D-A14F-67ECCD46D924}.Release|Any CPU.Build.0 = Release|Any CPU
		{AEBFE905-FBDB-408F-9E14-0B71B3668904}.Debug|Any CPU.ActiveCfg = Debug|Any CPU
		{AEBFE905-FBDB-408F-9E14-0B71B3668904}.Debug|Any CPU.Build.0 = Debug|Any CPU
		{AEBFE905-FBDB-408F-9E14-0B71B3668904}.Release|Any CPU.ActiveCfg = Release|Any CPU
		{AEBFE905-FBDB-408F-9E14-0B71B3668904}.Release|Any CPU.Build.0 = Release|Any CPU
		{09A5CAA4-9284-4EE2-B845-562E98A56E9A}.Debug|Any CPU.ActiveCfg = Debug|Any CPU
		{09A5CAA4-9284-4EE2-B845-562E98A56E9A}.Debug|Any CPU.Build.0 = Debug|Any CPU
		{09A5CAA4-9284-4EE2-B845-562E98A56E9A}.Release|Any CPU.ActiveCfg = Release|Any CPU
		{09A5CAA4-9284-4EE2-B845-562E98A56E9A}.Release|Any CPU.Build.0 = Release|Any CPU
		{4D4AF23F-8A8A-4404-AC58-29B7F49C3F79}.Debug|Any CPU.ActiveCfg = Debug|Any CPU
		{4D4AF23F-8A8A-4404-AC58-29B7F49C3F79}.Debug|Any CPU.Build.0 = Debug|Any CPU
		{4D4AF23F-8A8A-4404-AC58-29B7F49C3F79}.Release|Any CPU.ActiveCfg = Release|Any CPU
		{4D4AF23F-8A8A-4404-AC58-29B7F49C3F79}.Release|Any CPU.Build.0 = Release|Any CPU
		{B8B9F0C5-C35B-477E-924F-0FB01F0D1509}.Debug|Any CPU.ActiveCfg = Debug|Any CPU
		{B8B9F0C5-C35B-477E-924F-0FB01F0D1509}.Debug|Any CPU.Build.0 = Debug|Any CPU
		{B8B9F0C5-C35B-477E-924F-0FB01F0D1509}.Release|Any CPU.ActiveCfg = Release|Any CPU
		{B8B9F0C5-C35B-477E-924F-0FB01F0D1509}.Release|Any CPU.Build.0 = Release|Any CPU
	EndGlobalSection
	GlobalSection(SolutionProperties) = preSolution
		HideSolutionNode = FALSE
	EndGlobalSection
	GlobalSection(ExtensibilityGlobals) = postSolution
		SolutionGuid = {DA4165B3-54E3-49C1-8988-F5A9B086FFBF}
	EndGlobalSection
EndGlobal
